
Microsoft Visual Studio Solution File, Format Version 12.00
# Visual Studio Version 17
VisualStudioVersion = 17.3.32819.101
MinimumVisualStudioVersion = 10.0.40219.1
Project("{FAE04EC0-301F-11D3-BF4B-00C04F79EFBC}") = "factorial", "factorial\factorial.csproj", "{99467F97-CDF9-40AD-A2A9-464B51A28544}"
EndProject
Global
	GlobalSection(SolutionConfigurationPlatforms) = preSolution
		Debug|Any CPU = Debug|Any CPU
		Release|Any CPU = Release|Any CPU
	EndGlobalSection
	GlobalSection(ProjectConfigurationPlatforms) = postSolution
		{99467F97-CDF9-40AD-A2A9-464B51A28544}.Debug|Any CPU.ActiveCfg = Debug|Any CPU
		{99467F97-CDF9-40AD-A2A9-464B51A28544}.Debug|Any CPU.Build.0 = Debug|Any CPU
		{99467F97-CDF9-40AD-A2A9-464B51A28544}.Release|Any CPU.ActiveCfg = Release|Any CPU
		{99467F97-CDF9-40AD-A2A9-464B51A28544}.Release|Any CPU.Build.0 = Release|Any CPU
	EndGlobalSection
	GlobalSection(SolutionProperties) = preSolution
		HideSolutionNode = FALSE
	EndGlobalSection
	GlobalSection(ExtensibilityGlobals) = postSolution
		SolutionGuid = {3EF7C7B9-77C0-443A-A471-E950DB9C2E36}
	EndGlobalSection
EndGlobal
