
Microsoft Visual Studio Solution File, Format Version 12.00
# Visual Studio Version 17
VisualStudioVersion = 17.3.32819.101
MinimumVisualStudioVersion = 10.0.40219.1
Project("{FAE04EC0-301F-11D3-BF4B-00C04F79EFBC}") = "numero_mayor", "numero_mayor\numero_mayor.csproj", "{3657923B-A9D9-4C8F-BB2D-F03BF2DFE76E}"
EndProject
Global
	GlobalSection(SolutionConfigurationPlatforms) = preSolution
		Debug|Any CPU = Debug|Any CPU
		Release|Any CPU = Release|Any CPU
	EndGlobalSection
	GlobalSection(ProjectConfigurationPlatforms) = postSolution
		{3657923B-A9D9-4C8F-BB2D-F03BF2DFE76E}.Debug|Any CPU.ActiveCfg = Debug|Any CPU
		{3657923B-A9D9-4C8F-BB2D-F03BF2DFE76E}.Debug|Any CPU.Build.0 = Debug|Any CPU
		{3657923B-A9D9-4C8F-BB2D-F03BF2DFE76E}.Release|Any CPU.ActiveCfg = Release|Any CPU
		{3657923B-A9D9-4C8F-BB2D-F03BF2DFE76E}.Release|Any CPU.Build.0 = Release|Any CPU
	EndGlobalSection
	GlobalSection(SolutionProperties) = preSolution
		HideSolutionNode = FALSE
	EndGlobalSection
	GlobalSection(ExtensibilityGlobals) = postSolution
		SolutionGuid = {046FE5C0-A681-4AA7-A8A6-CEABB8B071A7}
	EndGlobalSection
EndGlobal
