
Microsoft Visual Studio Solution File, Format Version 12.00
# Visual Studio Version 17
VisualStudioVersion = 17.3.32819.101
MinimumVisualStudioVersion = 10.0.40219.1
Project("{FAE04EC0-301F-11D3-BF4B-00C04F79EFBC}") = "desafio_if", "desafio_if\desafio_if.csproj", "{D59676C0-9C46-4B7D-B57B-A2817FC086BE}"
EndProject
Global
	GlobalSection(SolutionConfigurationPlatforms) = preSolution
		Debug|Any CPU = Debug|Any CPU
		Release|Any CPU = Release|Any CPU
	EndGlobalSection
	GlobalSection(ProjectConfigurationPlatforms) = postSolution
		{D59676C0-9C46-4B7D-B57B-A2817FC086BE}.Debug|Any CPU.ActiveCfg = Debug|Any CPU
		{D59676C0-9C46-4B7D-B57B-A2817FC086BE}.Debug|Any CPU.Build.0 = Debug|Any CPU
		{D59676C0-9C46-4B7D-B57B-A2817FC086BE}.Release|Any CPU.ActiveCfg = Release|Any CPU
		{D59676C0-9C46-4B7D-B57B-A2817FC086BE}.Release|Any CPU.Build.0 = Release|Any CPU
	EndGlobalSection
	GlobalSection(SolutionProperties) = preSolution
		HideSolutionNode = FALSE
	EndGlobalSection
	GlobalSection(ExtensibilityGlobals) = postSolution
		SolutionGuid = {C951E7F5-F17F-4B57-A7B3-1C1310DFA45F}
	EndGlobalSection
EndGlobal
